While checking Number Lock on My Verizon,
noticed my alternate contact was (408) 615-1245

Looked up # and found 
Carol L Pollard, age 69
San Jose
Presumed owner of the real estate located at 1087 Delno St, San Jose
Completed College
Occupation: Health Care
Associated persons: Thomas X Meyer, Thomas xaver X Meyer
(408) 615-1245
